
Microsoft Visual Studio Solution File, Format Version 12.00
# Visual Studio Version 17
VisualStudioVersion = 17.1.32319.34
MinimumVisualStudioVersion = 10.0.40219.1
Project("{FAE04EC0-301F-11D3-BF4B-00C04F79EFBC}") = "Cafe app", "Cafe app\Cafe app.csproj", "{66E2C543-8DE6-4810-8A40-43BF415BE07C}"
EndProject
Global
	GlobalSection(SolutionConfigurationPlatforms) = preSolution
		Debug|Any CPU = Debug|Any CPU
		Release|Any CPU = Release|Any CPU
	EndGlobalSection
	GlobalSection(ProjectConfigurationPlatforms) = postSolution
		{66E2C543-8DE6-4810-8A40-43BF415BE07C}.Debug|Any CPU.ActiveCfg = Debug|Any CPU
		{66E2C543-8DE6-4810-8A40-43BF415BE07C}.Debug|Any CPU.Build.0 = Debug|Any CPU
		{66E2C543-8DE6-4810-8A40-43BF415BE07C}.Release|Any CPU.ActiveCfg = Release|Any CPU
		{66E2C543-8DE6-4810-8A40-43BF415BE07C}.Release|Any CPU.Build.0 = Release|Any CPU
	EndGlobalSection
	GlobalSection(SolutionProperties) = preSolution
		HideSolutionNode = FALSE
	EndGlobalSection
	GlobalSection(ExtensibilityGlobals) = postSolution
		SolutionGuid = {F4765069-4FE3-41B0-80FE-BD188EC1016C}
	EndGlobalSection
EndGlobal
